
Microsoft Visual Studio Solution File, Format Version 12.00
# Visual Studio Version 17
VisualStudioVersion = 17.4.33122.133
MinimumVisualStudioVersion = 10.0.40219.1
Project("{FAE04EC0-301F-11D3-BF4B-00C04F79EFBC}") = "Toolbox", "Toolbox\Toolbox.csproj", "{BFB94DC2-676C-46E8-AAE4-9395353B2F31}"
EndProject
Global
	GlobalSection(SolutionConfigurationPlatforms) = preSolution
		Debug|Any CPU = Debug|Any CPU
		Release|Any CPU = Release|Any CPU
	EndGlobalSection
	GlobalSection(ProjectConfigurationPlatforms) = postSolution
		{BFB94DC2-676C-46E8-AAE4-9395353B2F31}.Debug|Any CPU.ActiveCfg = Debug|Any CPU
		{BFB94DC2-676C-46E8-AAE4-9395353B2F31}.Debug|Any CPU.Build.0 = Debug|Any CPU
		{BFB94DC2-676C-46E8-AAE4-9395353B2F31}.Release|Any CPU.ActiveCfg = Release|Any CPU
		{BFB94DC2-676C-46E8-AAE4-9395353B2F31}.Release|Any CPU.Build.0 = Release|Any CPU
	EndGlobalSection
	GlobalSection(SolutionProperties) = preSolution
		HideSolutionNode = FALSE
	EndGlobalSection
	GlobalSection(ExtensibilityGlobals) = postSolution
		SolutionGuid = {E2EC45E5-07C6-45FA-B46A-BDCF806943C2}
	EndGlobalSection
EndGlobal
